
Microsoft Visual Studio Solution File, Format Version 12.00
# Visual Studio Version 17
VisualStudioVersion = 17.3.32929.385
MinimumVisualStudioVersion = 10.0.40219.1
Project("{FAE04EC0-301F-11D3-BF4B-00C04F79EFBC}") = "MenuDelegate", "MenuDelegate.csproj", "{45F27BF5-DB5D-494A-B1EA-CFEA9D74D22D}"
EndProject
Global
	GlobalSection(SolutionConfigurationPlatforms) = preSolution
		Debug|Any CPU = Debug|Any CPU
		Release|Any CPU = Release|Any CPU
	EndGlobalSection
	GlobalSection(ProjectConfigurationPlatforms) = postSolution
		{45F27BF5-DB5D-494A-B1EA-CFEA9D74D22D}.Debug|Any CPU.ActiveCfg = Debug|Any CPU
		{45F27BF5-DB5D-494A-B1EA-CFEA9D74D22D}.Debug|Any CPU.Build.0 = Debug|Any CPU
		{45F27BF5-DB5D-494A-B1EA-CFEA9D74D22D}.Release|Any CPU.ActiveCfg = Release|Any CPU
		{45F27BF5-DB5D-494A-B1EA-CFEA9D74D22D}.Release|Any CPU.Build.0 = Release|Any CPU
	EndGlobalSection
	GlobalSection(SolutionProperties) = preSolution
		HideSolutionNode = FALSE
	EndGlobalSection
	GlobalSection(ExtensibilityGlobals) = postSolution
		SolutionGuid = {1617FBC2-60C7-4AC1-AC58-14E2370CE19A}
	EndGlobalSection
EndGlobal
